
Microsoft Visual Studio Solution File, Format Version 12.00
# Visual Studio Version 16
VisualStudioVersion = 16.0.31019.35
MinimumVisualStudioVersion = 10.0.40219.1
Project("{FAE04EC0-301F-11D3-BF4B-00C04F79EFBC}") = "ProjExercicio01032021", "ProjExercicio01032021\ProjExercicio01032021.csproj", "{67A0E76A-4AB2-4FC3-89DA-8C066C671F29}"
EndProject
Global
	GlobalSection(SolutionConfigurationPlatforms) = preSolution
		Debug|Any CPU = Debug|Any CPU
		Release|Any CPU = Release|Any CPU
	EndGlobalSection
	GlobalSection(ProjectConfigurationPlatforms) = postSolution
		{67A0E76A-4AB2-4FC3-89DA-8C066C671F29}.Debug|Any CPU.ActiveCfg = Debug|Any CPU
		{67A0E76A-4AB2-4FC3-89DA-8C066C671F29}.Debug|Any CPU.Build.0 = Debug|Any CPU
		{67A0E76A-4AB2-4FC3-89DA-8C066C671F29}.Release|Any CPU.ActiveCfg = Release|Any CPU
		{67A0E76A-4AB2-4FC3-89DA-8C066C671F29}.Release|Any CPU.Build.0 = Release|Any CPU
	EndGlobalSection
	GlobalSection(SolutionProperties) = preSolution
		HideSolutionNode = FALSE
	EndGlobalSection
	GlobalSection(ExtensibilityGlobals) = postSolution
		SolutionGuid = {681F76E0-B721-4CAD-897E-840F7AF24D3F}
	EndGlobalSection
EndGlobal
